
Microsoft Visual Studio Solution File, Format Version 12.00
# Visual Studio Version 17
VisualStudioVersion = 17.0.32126.317
MinimumVisualStudioVersion = 10.0.40219.1
Project("{9A19103F-16F7-4668-BE54-9A1E7A4F7556}") = "MyLab.TaskKicker", "MyLab.TaskKicker\MyLab.TaskKicker.csproj", "{DE7E775F-E4B5-442A-845A-B958F59B6048}"
EndProject
Project("{9A19103F-16F7-4668-BE54-9A1E7A4F7556}") = "UnitTests", "UnitTests\UnitTests.csproj", "{4357C49A-013F-4336-BC08-40482C64ED31}"
EndProject
Global
	GlobalSection(SolutionConfigurationPlatforms) = preSolution
		Debug|Any CPU = Debug|Any CPU
		Release|Any CPU = Release|Any CPU
	EndGlobalSection
	GlobalSection(ProjectConfigurationPlatforms) = postSolution
		{DE7E775F-E4B5-442A-845A-B958F59B6048}.Debug|Any CPU.ActiveCfg = Debug|Any CPU
		{DE7E775F-E4B5-442A-845A-B958F59B6048}.Debug|Any CPU.Build.0 = Debug|Any CPU
		{DE7E775F-E4B5-442A-845A-B958F59B6048}.Release|Any CPU.ActiveCfg = Release|Any CPU
		{DE7E775F-E4B5-442A-845A-B958F59B6048}.Release|Any CPU.Build.0 = Release|Any CPU
		{4357C49A-013F-4336-BC08-40482C64ED31}.Debug|Any CPU.ActiveCfg = Debug|Any CPU
		{4357C49A-013F-4336-BC08-40482C64ED31}.Debug|Any CPU.Build.0 = Debug|Any CPU
		{4357C49A-013F-4336-BC08-40482C64ED31}.Release|Any CPU.ActiveCfg = Release|Any CPU
		{4357C49A-013F-4336-BC08-40482C64ED31}.Release|Any CPU.Build.0 = Release|Any CPU
	EndGlobalSection
	GlobalSection(SolutionProperties) = preSolution
		HideSolutionNode = FALSE
	EndGlobalSection
	GlobalSection(ExtensibilityGlobals) = postSolution
		SolutionGuid = {CAAAF472-706A-4DF8-B18B-6C640269B24E}
	EndGlobalSection
EndGlobal
